// !$*UTF8*$!
{
	archiveVersion = 1;
	classes = {
	};
	objectVersion = 50;
	objects = {

/* Begin PBXBuildFile section */
		1C1D91C620751BE7001B192E /* ViewDismiss.swift in Sources */ = {isa = PBXBuildFile; fileRef = 1C1D91C520751BE7001B192E /* ViewDismiss.swift */; };
		1CA62D4D203C72F1004A9DF0 /* AppDelegate.swift in Sources */ = {isa = PBXBuildFile; fileRef = 1CA62D4C203C72F1004A9DF0 /* AppDelegate.swift */; };
		1CA62D4F203C72F1004A9DF0 /* BrowseVC.swift in Sources */ = {isa = PBXBuildFile; fileRef = 1CA62D4E203C72F1004A9DF0 /* BrowseVC.swift */; };
		1CA62D54203C72F1004A9DF0 /* Main.storyboard in Resources */ = {isa = PBXBuildFile; fileRef = 1CA62D52203C72F1004A9DF0 /* Main.storyboard */; };
		1CA62D56203C72F3004A9DF0 /* Assets.xcassets in Resources */ = {isa = PBXBuildFile; fileRef = 1CA62D55203C72F3004A9DF0 /* Assets.xcassets */; };
		1CA62D59203C72F3004A9DF0 /* LaunchScreen.storyboard in Resources */ = {isa = PBXBuildFile; fileRef = 1CA62D57203C72F3004A9DF0 /* LaunchScreen.storyboard */; };
		1CA62D61203C7529004A9DF0 /* CategoriesVC.swift in Sources */ = {isa = PBXBuildFile; fileRef = 1CA62D60203C7529004A9DF0 /* CategoriesVC.swift */; };
		1CA62D64203C8521004A9DF0 /* GroceryRounded.ttf in Resources */ = {isa = PBXBuildFile; fileRef = 1CA62D63203C8520004A9DF0 /* GroceryRounded.ttf */; };
		1CA62D66203C86DB004A9DF0 /* AppCVCell.swift in Sources */ = {isa = PBXBuildFile; fileRef = 1CA62D65203C86DB004A9DF0 /* AppCVCell.swift */; };
		1CA62D6B203C989B004A9DF0 /* App.swift in Sources */ = {isa = PBXBuildFile; fileRef = 1CA62D6A203C989B004A9DF0 /* App.swift */; };
		1CA62D6E203C9BFF004A9DF0 /* Constants.swift in Sources */ = {isa = PBXBuildFile; fileRef = 1CA62D6D203C9BFF004A9DF0 /* Constants.swift */; };
		1CA62D72203CAA68004A9DF0 /* csv.swift in Sources */ = {isa = PBXBuildFile; fileRef = 1CA62D71203CAA68004A9DF0 /* csv.swift */; };
		1CDF6E8A20596A1A0010F5CC /* GoogleService-Info.plist in Resources */ = {isa = PBXBuildFile; fileRef = 1CDF6E8920596A1A0010F5CC /* GoogleService-Info.plist */; };
		1CE5FE822072A3FC00040205 /* DetailsView.swift in Sources */ = {isa = PBXBuildFile; fileRef = 1CE5FE812072A3FC00040205 /* DetailsView.swift */; };
		1CE5FE842072A40900040205 /* Details.xib in Resources */ = {isa = PBXBuildFile; fileRef = 1CE5FE832072A40900040205 /* Details.xib */; };
		1CE5FE862072A56900040205 /* AppImage.swift in Sources */ = {isa = PBXBuildFile; fileRef = 1CE5FE852072A56900040205 /* AppImage.swift */; };
		D8C6476D32AE5D7AE0DA949A /* Pods_ATAppFinder.framework in Frameworks */ = {isa = PBXBuildFile; fileRef = 35337C8DF8B1E32105541E64 /* Pods_ATAppFinder.framework */; };
/* End PBXBuildFile section */

/* Begin PBXFileReference section */
		1C1D91C520751BE7001B192E /* ViewDismiss.swift */ = {isa = PBXFileReference; lastKnownFileType = sourcecode.swift; path = ViewDismiss.swift; sourceTree = "<group>"; };
		1CA62D49203C72F1004A9DF0 /* ATAppFinder.app */ = {isa = PBXFileReference; explicitFileType = wrapper.application; includeInIndex = 0; path = ATAppFinder.app; sourceTree = BUILT_PRODUCTS_DIR; };
		1CA62D4C203C72F1004A9DF0 /* AppDelegate.swift */ = {isa = PBXFileReference; lastKnownFileType = sourcecode.swift; path = AppDelegate.swift; sourceTree = "<group>"; };
		1CA62D4E203C72F1004A9DF0 /* BrowseVC.swift */ = {isa = PBXFileReference; lastKnownFileType = sourcecode.swift; path = BrowseVC.swift; sourceTree = "<group>"; };
		1CA62D53203C72F1004A9DF0 /* Base */ = {isa = PBXFileReference; lastKnownFileType = file.storyboard; name = Base; path = Base.lproj/Main.storyboard; sourceTree = "<group>"; };
		1CA62D55203C72F3004A9DF0 /* Assets.xcassets */ = {isa = PBXFileReference; lastKnownFileType = folder.assetcatalog; path = Assets.xcassets; sourceTree = "<group>"; };
		1CA62D58203C72F3004A9DF0 /* Base */ = {isa = PBXFileReference; lastKnownFileType = file.storyboard; name = Base; path = Base.lproj/LaunchScreen.storyboard; sourceTree = "<group>"; };
		1CA62D5A203C72F4004A9DF0 /* Info.plist */ = {isa = PBXFileReference; lastKnownFileType = text.plist.xml; path = Info.plist; sourceTree = "<group>"; };
		1CA62D60203C7529004A9DF0 /* CategoriesVC.swift */ = {isa = PBXFileReference; lastKnownFileType = sourcecode.swift; path = CategoriesVC.swift; sourceTree = "<group>"; };
		1CA62D63203C8520004A9DF0 /* GroceryRounded.ttf */ = {isa = PBXFileReference; lastKnownFileType = file; path = GroceryRounded.ttf; sourceTree = "<group>"; };
		1CA62D65203C86DB004A9DF0 /* AppCVCell.swift */ = {isa = PBXFileReference; lastKnownFileType = sourcecode.swift; path = AppCVCell.swift; sourceTree = "<group>"; };
		1CA62D6A203C989B004A9DF0 /* App.swift */ = {isa = PBXFileReference; lastKnownFileType = sourcecode.swift; path = App.swift; sourceTree = "<group>"; };
		1CA62D6D203C9BFF004A9DF0 /* Constants.swift */ = {isa = PBXFileReference; lastKnownFileType = sourcecode.swift; path = Constants.swift; sourceTree = "<group>"; };
		1CA62D71203CAA68004A9DF0 /* csv.swift */ = {isa = PBXFileReference; fileEncoding = 4; lastKnownFileType = sourcecode.swift; path = csv.swift; sourceTree = "<group>"; };
		1CDF6E8920596A1A0010F5CC /* GoogleService-Info.plist */ = {isa = PBXFileReference; fileEncoding = 4; lastKnownFileType = text.plist.xml; path = "GoogleService-Info.plist"; sourceTree = "<group>"; };
		1CE5FE812072A3FC00040205 /* DetailsView.swift */ = {isa = PBXFileReference; lastKnownFileType = sourcecode.swift; path = DetailsView.swift; sourceTree = "<group>"; };
		1CE5FE832072A40900040205 /* Details.xib */ = {isa = PBXFileReference; lastKnownFileType = file.xib; path = Details.xib; sourceTree = "<group>"; };
		1CE5FE852072A56900040205 /* AppImage.swift */ = {isa = PBXFileReference; lastKnownFileType = sourcecode.swift; path = AppImage.swift; sourceTree = "<group>"; };
		35337C8DF8B1E32105541E64 /* Pods_ATAppFinder.framework */ = {isa = PBXFileReference; explicitFileType = wrapper.framework; includeInIndex = 0; path = Pods_ATAppFinder.framework; sourceTree = BUILT_PRODUCTS_DIR; };
		731361CB5C34BD5A11AA66B4 /* Pods-ATAppFinder.debug.xcconfig */ = {isa = PBXFileReference; includeInIndex = 1; lastKnownFileType = text.xcconfig; name = "Pods-ATAppFinder.debug.xcconfig"; path = "Pods/Target Support Files/Pods-ATAppFinder/Pods-ATAppFinder.debug.xcconfig"; sourceTree = "<group>"; };
		DA90F8F022E78E846A7158C6 /* Pods-ATAppFinder.release.xcconfig */ = {isa = PBXFileReference; includeInIndex = 1; lastKnownFileType = text.xcconfig; name = "Pods-ATAppFinder.release.xcconfig"; path = "Pods/Target Support Files/Pods-ATAppFinder/Pods-ATAppFinder.release.xcconfig"; sourceTree = "<group>"; };
/* End PBXFileReference section */

/* Begin PBXFrameworksBuildPhase section */
		1CA62D46203C72F1004A9DF0 /* Frameworks */ = {
			isa = PBXFrameworksBuildPhase;
			buildActionMask = 2147483647;
			files = (
				D8C6476D32AE5D7AE0DA949A /* Pods_ATAppFinder.framework in Frameworks */,
			);
			runOnlyForDeploymentPostprocessing = 0;
		};
/* End PBXFrameworksBuildPhase section */

/* Begin PBXGroup section */
		1CA62D40203C72F1004A9DF0 = {
			isa = PBXGroup;
			children = (
				1CA62D4B203C72F1004A9DF0 /* ATAppFinder */,
				1CA62D4A203C72F1004A9DF0 /* Products */,
				8FD1D5868A190F1E9FE17022 /* Pods */,
				78A121177C5792B0EECC8DA4 /* Frameworks */,
			);
			sourceTree = "<group>";
		};
		1CA62D4A203C72F1004A9DF0 /* Products */ = {
			isa = PBXGroup;
			children = (
				1CA62D49203C72F1004A9DF0 /* ATAppFinder.app */,
			);
			name = Products;
			sourceTree = "<group>";
		};
		1CA62D4B203C72F1004A9DF0 /* ATAppFinder */ = {
			isa = PBXGroup;
			children = (
				1CA62D67203C86DF004A9DF0 /* Model */,
				1CA62D68203C86EA004A9DF0 /* View */,
				1CA62D69203C86FC004A9DF0 /* Controller */,
				1CA62D6C203C9B8B004A9DF0 /* Utilities */,
				1CA62D62203C84E3004A9DF0 /* Resources */,
				1CA62D55203C72F3004A9DF0 /* Assets.xcassets */,
				1CA62D4C203C72F1004A9DF0 /* AppDelegate.swift */,
				1CDF6E8920596A1A0010F5CC /* GoogleService-Info.plist */,
				1CA62D5A203C72F4004A9DF0 /* Info.plist */,
			);
			path = ATAppFinder;
			sourceTree = "<group>";
		};
		1CA62D62203C84E3004A9DF0 /* Resources */ = {
			isa = PBXGroup;
			children = (
				1CA62D63203C8520004A9DF0 /* GroceryRounded.ttf */,
			);
			path = Resources;
			sourceTree = "<group>";
		};
		1CA62D67203C86DF004A9DF0 /* Model */ = {
			isa = PBXGroup;
			children = (
				1CA62D6A203C989B004A9DF0 /* App.swift */,
			);
			path = Model;
			sourceTree = "<group>";
		};
		1CA62D68203C86EA004A9DF0 /* View */ = {
			isa = PBXGroup;
			children = (
				1CA62D65203C86DB004A9DF0 /* AppCVCell.swift */,
				1CE5FE852072A56900040205 /* AppImage.swift */,
				1CE5FE812072A3FC00040205 /* DetailsView.swift */,
				1CE5FE832072A40900040205 /* Details.xib */,
				1C1D91C520751BE7001B192E /* ViewDismiss.swift */,
				1CA62D57203C72F3004A9DF0 /* LaunchScreen.storyboard */,
				1CA62D52203C72F1004A9DF0 /* Main.storyboard */,
			);
			path = View;
			sourceTree = "<group>";
		};
		1CA62D69203C86FC004A9DF0 /* Controller */ = {
			isa = PBXGroup;
			children = (
				1CA62D4E203C72F1004A9DF0 /* BrowseVC.swift */,
				1CA62D60203C7529004A9DF0 /* CategoriesVC.swift */,
			);
			path = Controller;
			sourceTree = "<group>";
		};
		1CA62D6C203C9B8B004A9DF0 /* Utilities */ = {
			isa = PBXGroup;
			children = (
				1CA62D6D203C9BFF004A9DF0 /* Constants.swift */,
				1CA62D71203CAA68004A9DF0 /* csv.swift */,
			);
			path = Utilities;
			sourceTree = "<group>";
		};
		78A121177C5792B0EECC8DA4 /* Frameworks */ = {
			isa = PBXGroup;
			children = (
				35337C8DF8B1E32105541E64 /* Pods_ATAppFinder.framework */,
			);
			name = Frameworks;
			sourceTree = "<group>";
		};
		8FD1D5868A190F1E9FE17022 /* Pods */ = {
			isa = PBXGroup;
			children = (
				731361CB5C34BD5A11AA66B4 /* Pods-ATAppFinder.debug.xcconfig */,
				DA90F8F022E78E846A7158C6 /* Pods-ATAppFinder.release.xcconfig */,
			);
			name = Pods;
			sourceTree = "<group>";
		};
/* End PBXGroup section */

/* Begin PBXNativeTarget section */
		1CA62D48203C72F1004A9DF0 /* ATAppFinder */ = {
			isa = PBXNativeTarget;
			buildConfigurationList = 1CA62D5D203C72F4004A9DF0 /* Build configuration list for PBXNativeTarget "ATAppFinder" */;
			buildPhases = (
				3BCE6488BA00A538CD9D108A /* [CP] Check Pods Manifest.lock */,
				1CA62D45203C72F1004A9DF0 /* Sources */,
				1CA62D46203C72F1004A9DF0 /* Frameworks */,
				1CA62D47203C72F1004A9DF0 /* Resources */,
				8CC76FC3F95EA39CB898D5B9 /* [CP] Embed Pods Frameworks */,
				C0DB86603C6522085C798670 /* [CP] Copy Pods Resources */,
			);
			buildRules = (
			);
			dependencies = (
			);
			name = ATAppFinder;
			productName = ATAppFinder;
			productReference = 1CA62D49203C72F1004A9DF0 /* ATAppFinder.app */;
			productType = "com.apple.product-type.application";
		};
/* End PBXNativeTarget section */

/* Begin PBXProject section */
		1CA62D41203C72F1004A9DF0 /* Project object */ = {
			isa = PBXProject;
			attributes = {
				LastSwiftUpdateCheck = 0930;
				LastUpgradeCheck = 0930;
				ORGANIZATIONNAME = "Geoffrey Johnson";
				TargetAttributes = {
					1CA62D48203C72F1004A9DF0 = {
						CreatedOnToolsVersion = 9.3;
					};
				};
			};
			buildConfigurationList = 1CA62D44203C72F1004A9DF0 /* Build configuration list for PBXProject "ATAppFinder" */;
			compatibilityVersion = "Xcode 9.3";
			developmentRegion = en;
			hasScannedForEncodings = 0;
			knownRegions = (
				en,
				Base,
			);
			mainGroup = 1CA62D40203C72F1004A9DF0;
			productRefGroup = 1CA62D4A203C72F1004A9DF0 /* Products */;
			projectDirPath = "";
			projectRoot = "";
			targets = (
				1CA62D48203C72F1004A9DF0 /* ATAppFinder */,
			);
		};
/* End PBXProject section */

/* Begin PBXResourcesBuildPhase section */
		1CA62D47203C72F1004A9DF0 /* Resources */ = {
			isa = PBXResourcesBuildPhase;
			buildActionMask = 2147483647;
			files = (
				1CE5FE842072A40900040205 /* Details.xib in Resources */,
				1CA62D59203C72F3004A9DF0 /* LaunchScreen.storyboard in Resources */,
				1CA62D56203C72F3004A9DF0 /* Assets.xcassets in Resources */,
				1CA62D64203C8521004A9DF0 /* GroceryRounded.ttf in Resources */,
				1CA62D54203C72F1004A9DF0 /* Main.storyboard in Resources */,
				1CDF6E8A20596A1A0010F5CC /* GoogleService-Info.plist in Resources */,
			);
			runOnlyForDeploymentPostprocessing = 0;
		};
/* End PBXResourcesBuildPhase section */

/* Begin PBXShellScriptBuildPhase section */
		3BCE6488BA00A538CD9D108A /* [CP] Check Pods Manifest.lock */ = {
			isa = PBXShellScriptBuildPhase;
			buildActionMask = 2147483647;
			files = (
			);
			inputPaths = (
				"${PODS_PODFILE_DIR_PATH}/Podfile.lock",
				"${PODS_ROOT}/Manifest.lock",
			);
			name = "[CP] Check Pods Manifest.lock";
			outputPaths = (
				"$(DERIVED_FILE_DIR)/Pods-ATAppFinder-checkManifestLockResult.txt",
			);
			runOnlyForDeploymentPostprocessing = 0;
			shellPath = /bin/sh;
			shellScript = "diff \"${PODS_PODFILE_DIR_PATH}/Podfile.lock\" \"${PODS_ROOT}/Manifest.lock\" > /dev/null\nif [ $? != 0 ] ; then\n    # print error to STDERR\n    echo \"error: The sandbox is not in sync with the Podfile.lock. Run 'pod install' or update your CocoaPods installation.\" >&2\n    exit 1\nfi\n# This output is used by Xcode 'outputs' to avoid re-running this script phase.\necho \"SUCCESS\" > \"${SCRIPT_OUTPUT_FILE_0}\"\n";
			showEnvVarsInLog = 0;
		};
		8CC76FC3F95EA39CB898D5B9 /* [CP] Embed Pods Frameworks */ = {
			isa = PBXShellScriptBuildPhase;
			buildActionMask = 2147483647;
			files = (
			);
			inputPaths = (
				"${SRCROOT}/Pods/Target Support Files/Pods-ATAppFinder/Pods-ATAppFinder-frameworks.sh",
				"${BUILT_PRODUCTS_DIR}/Alamofire/Alamofire.framework",
				"${BUILT_PRODUCTS_DIR}/AlamofireImage/AlamofireImage.framework",
				"${BUILT_PRODUCTS_DIR}/GoogleToolboxForMac/GoogleToolboxForMac.framework",
				"${BUILT_PRODUCTS_DIR}/leveldb-library/leveldb.framework",
				"${BUILT_PRODUCTS_DIR}/nanopb/nanopb.framework",
			);
			name = "[CP] Embed Pods Frameworks";
			outputPaths = (
				"${TARGET_BUILD_DIR}/${FRAMEWORKS_FOLDER_PATH}/Alamofire.framework",
				"${TARGET_BUILD_DIR}/${FRAMEWORKS_FOLDER_PATH}/AlamofireImage.framework",
				"${TARGET_BUILD_DIR}/${FRAMEWORKS_FOLDER_PATH}/GoogleToolboxForMac.framework",
				"${TARGET_BUILD_DIR}/${FRAMEWORKS_FOLDER_PATH}/leveldb.framework",
				"${TARGET_BUILD_DIR}/${FRAMEWORKS_FOLDER_PATH}/nanopb.framework",
			);
			runOnlyForDeploymentPostprocessing = 0;
			shellPath = /bin/sh;
			shellScript = "\"${SRCROOT}/Pods/Target Support Files/Pods-ATAppFinder/Pods-ATAppFinder-frameworks.sh\"\n";
			showEnvVarsInLog = 0;
		};
		C0DB86603C6522085C798670 /* [CP] Copy Pods Resources */ = {
			isa = PBXShellScriptBuildPhase;
			buildActionMask = 2147483647;
			files = (
			);
			inputPaths = (
			);
			name = "[CP] Copy Pods Resources";
			outputPaths = (
			);
			runOnlyForDeploymentPostprocessing = 0;
			shellPath = /bin/sh;
			shellScript = "\"${SRCROOT}/Pods/Target Support Files/Pods-ATAppFinder/Pods-ATAppFinder-resources.sh\"\n";
			showEnvVarsInLog = 0;
		};
/* End PBXShellScriptBuildPhase section */

/* Begin PBXSourcesBuildPhase section */
		1CA62D45203C72F1004A9DF0 /* Sources */ = {
			isa = PBXSourcesBuildPhase;
			buildActionMask = 2147483647;
			files = (
				1CA62D72203CAA68004A9DF0 /* csv.swift in Sources */,
				1CA62D61203C7529004A9DF0 /* CategoriesVC.swift in Sources */,
				1CE5FE822072A3FC00040205 /* DetailsView.swift in Sources */,
				1CA62D66203C86DB004A9DF0 /* AppCVCell.swift in Sources */,
				1CA62D6B203C989B004A9DF0 /* App.swift in Sources */,
				1CA62D6E203C9BFF004A9DF0 /* Constants.swift in Sources */,
				1CA62D4D203C72F1004A9DF0 /* AppDelegate.swift in Sources */,
				1C1D91C620751BE7001B192E /* ViewDismiss.swift in Sources */,
				1CA62D4F203C72F1004A9DF0 /* BrowseVC.swift in Sources */,
				1CE5FE862072A56900040205 /* AppImage.swift in Sources */,
			);
			runOnlyForDeploymentPostprocessing = 0;
		};
/* End PBXSourcesBuildPhase section */

/* Begin PBXVariantGroup section */
		1CA62D52203C72F1004A9DF0 /* Main.storyboard */ = {
			isa = PBXVariantGroup;
			children = (
				1CA62D53203C72F1004A9DF0 /* Base */,
			);
			name = Main.storyboard;
			sourceTree = "<group>";
		};
		1CA62D57203C72F3004A9DF0 /* LaunchScreen.storyboard */ = {
			isa = PBXVariantGroup;
			children = (
				1CA62D58203C72F3004A9DF0 /* Base */,
			);
			name = LaunchScreen.storyboard;
			sourceTree = "<group>";
		};
/* End PBXVariantGroup section */

/* Begin XCBuildConfiguration section */
		1CA62D5B203C72F4004A9DF0 /* Debug */ = {
			isa = XCBuildConfiguration;
			buildSettings = {
				ALWAYS_SEARCH_USER_PATHS = NO;
				CLANG_ANALYZER_NONNULL = YES;
				CLANG_ANALYZER_NUMBER_OBJECT_CONVERSION = YES_AGGRESSIVE;
				CLANG_CXX_LANGUAGE_STANDARD = "gnu++14";
				CLANG_CXX_LIBRARY = "libc++";
				CLANG_ENABLE_MODULES = YES;
				CLANG_ENABLE_OBJC_ARC = YES;
				CLANG_ENABLE_OBJC_WEAK = YES;
				CLANG_WARN_BLOCK_CAPTURE_AUTORELEASING = YES;
				CLANG_WARN_BOOL_CONVERSION = YES;
				CLANG_WARN_COMMA = YES;
				CLANG_WARN_CONSTANT_CONVERSION = YES;
				CLANG_WARN_DEPRECATED_OBJC_IMPLEMENTATIONS = YES;
				CLANG_WARN_DIRECT_OBJC_ISA_USAGE = YES_ERROR;
				CLANG_WARN_DOCUMENTATION_COMMENTS = YES;
				CLANG_WARN_EMPTY_BODY = YES;
				CLANG_WARN_ENUM_CONVERSION = YES;
				CLANG_WARN_INFINITE_RECURSION = YES;
				CLANG_WARN_INT_CONVERSION = YES;
				CLANG_WARN_NON_LITERAL_NULL_CONVERSION = YES;
				CLANG_WARN_OBJC_IMPLICIT_RETAIN_SELF = YES;
				CLANG_WARN_OBJC_LITERAL_CONVERSION = YES;
				CLANG_WARN_OBJC_ROOT_CLASS = YES_ERROR;
				CLANG_WARN_RANGE_LOOP_ANALYSIS = YES;
				CLANG_WARN_STRICT_PROTOTYPES = YES;
				CLANG_WARN_SUSPICIOUS_MOVE = YES;
				CLANG_WARN_UNGUARDED_AVAILABILITY = YES_AGGRESSIVE;
				CLANG_WARN_UNREACHABLE_CODE = YES;
				CLANG_WARN__DUPLICATE_METHOD_MATCH = YES;
				CODE_SIGN_IDENTITY = "iPhone Developer";
				COPY_PHASE_STRIP = NO;
				DEBUG_INFORMATION_FORMAT = dwarf;
				ENABLE_STRICT_OBJC_MSGSEND = YES;
				ENABLE_TESTABILITY = YES;
				GCC_C_LANGUAGE_STANDARD = gnu11;
				GCC_DYNAMIC_NO_PIC = NO;
				GCC_NO_COMMON_BLOCKS = YES;
				GCC_OPTIMIZATION_LEVEL = 0;
				GCC_PREPROCESSOR_DEFINITIONS = (
					"DEBUG=1",
					"$(inherited)",
				);
				GCC_WARN_64_TO_32_BIT_CONVERSION = YES;
				GCC_WARN_ABOUT_RETURN_TYPE = YES_ERROR;
				GCC_WARN_UNDECLARED_SELECTOR = YES;
				GCC_WARN_UNINITIALIZED_AUTOS = YES_AGGRESSIVE;
				GCC_WARN_UNUSED_FUNCTION = YES;
				GCC_WARN_UNUSED_VARIABLE = YES;
				IPHONEOS_DEPLOYMENT_TARGET = 11.3;
				MTL_ENABLE_DEBUG_INFO = YES;
				ONLY_ACTIVE_ARCH = YES;
				SDKROOT = iphoneos;
				SWIFT_ACTIVE_COMPILATION_CONDITIONS = DEBUG;
				SWIFT_OPTIMIZATION_LEVEL = "-Onone";
			};
			name = Debug;
		};
		1CA62D5C203C72F4004A9DF0 /* Release */ = {
			isa = XCBuildConfiguration;
			buildSettings = {
				ALWAYS_SEARCH_USER_PATHS = NO;
				CLANG_ANALYZER_NONNULL = YES;
				CLANG_ANALYZER_NUMBER_OBJECT_CONVERSION = YES_AGGRESSIVE;
				CLANG_CXX_LANGUAGE_STANDARD = "gnu++14";
				CLANG_CXX_LIBRARY = "libc++";
				CLANG_ENABLE_MODULES = YES;
				CLANG_ENABLE_OBJC_ARC = YES;
				CLANG_ENABLE_OBJC_WEAK = YES;
				CLANG_WARN_BLOCK_CAPTURE_AUTORELEASING = YES;
				CLANG_WARN_BOOL_CONVERSION = YES;
				CLANG_WARN_COMMA = YES;
				CLANG_WARN_CONSTANT_CONVERSION = YES;
				CLANG_WARN_DEPRECATED_OBJC_IMPLEMENTATIONS = YES;
				CLANG_WARN_DIRECT_OBJC_ISA_USAGE = YES_ERROR;
				CLANG_WARN_DOCUMENTATION_COMMENTS = YES;
				CLANG_WARN_EMPTY_BODY = YES;
				CLANG_WARN_ENUM_CONVERSION = YES;
				CLANG_WARN_INFINITE_RECURSION = YES;
				CLANG_WARN_INT_CONVERSION = YES;
				CLANG_WARN_NON_LITERAL_NULL_CONVERSION = YES;
				CLANG_WARN_OBJC_IMPLICIT_RETAIN_SELF = YES;
				CLANG_WARN_OBJC_LITERAL_CONVERSION = YES;
				CLANG_WARN_OBJC_ROOT_CLASS = YES_ERROR;
				CLANG_WARN_RANGE_LOOP_ANALYSIS = YES;
				CLANG_WARN_STRICT_PROTOTYPES = YES;
				CLANG_WARN_SUSPICIOUS_MOVE = YES;
				CLANG_WARN_UNGUARDED_AVAILABILITY = YES_AGGRESSIVE;
				CLANG_WARN_UNREACHABLE_CODE = YES;
				CLANG_WARN__DUPLICATE_METHOD_MATCH = YES;
				CODE_SIGN_IDENTITY = "iPhone Developer";
				COPY_PHASE_STRIP = NO;
				DEBUG_INFORMATION_FORMAT = "dwarf-with-dsym";
				ENABLE_NS_ASSERTIONS = NO;
				ENABLE_STRICT_OBJC_MSGSEND = YES;
				GCC_C_LANGUAGE_STANDARD = gnu11;
				GCC_NO_COMMON_BLOCKS = YES;
				GCC_WARN_64_TO_32_BIT_CONVERSION = YES;
				GCC_WARN_ABOUT_RETURN_TYPE = YES_ERROR;
				GCC_WARN_UNDECLARED_SELECTOR = YES;
				GCC_WARN_UNINITIALIZED_AUTOS = YES_AGGRESSIVE;
				GCC_WARN_UNUSED_FUNCTION = YES;
				GCC_WARN_UNUSED_VARIABLE = YES;
				IPHONEOS_DEPLOYMENT_TARGET = 11.3;
				MTL_ENABLE_DEBUG_INFO = NO;
				SDKROOT = iphoneos;
				SWIFT_OPTIMIZATION_LEVEL = "-Owholemodule";
				VALIDATE_PRODUCT = YES;
			};
			name = Release;
		};
		1CA62D5E203C72F4004A9DF0 /* Debug */ = {
			isa = XCBuildConfiguration;
			baseConfigurationReference = 731361CB5C34BD5A11AA66B4 /* Pods-ATAppFinder.debug.xcconfig */;
			buildSettings = {
				ASSETCATALOG_COMPILER_APPICON_NAME = AppIcon;
				CODE_SIGN_STYLE = Automatic;
				DEVELOPMENT_TEAM = DD67VSXT99;
				INFOPLIST_FILE = ATAppFinder/Info.plist;
				IPHONEOS_DEPLOYMENT_TARGET = 11.0;
				LD_RUNPATH_SEARCH_PATHS = (
					"$(inherited)",
					"@executable_path/Frameworks",
				);
				PRODUCT_BUNDLE_IDENTIFIER = "com.gjo-dev.ATAppFinder";
				PRODUCT_NAME = "$(TARGET_NAME)";
				SWIFT_VERSION = 4.0;
				TARGETED_DEVICE_FAMILY = 2;
			};
			name = Debug;
		};
		1CA62D5F203C72F4004A9DF0 /* Release */ = {
			isa = XCBuildConfiguration;
			baseConfigurationReference = DA90F8F022E78E846A7158C6 /* Pods-ATAppFinder.release.xcconfig */;
			buildSettings = {
				ASSETCATALOG_COMPILER_APPICON_NAME = AppIcon;
				CODE_SIGN_STYLE = Automatic;
				DEVELOPMENT_TEAM = DD67VSXT99;
				INFOPLIST_FILE = ATAppFinder/Info.plist;
				IPHONEOS_DEPLOYMENT_TARGET = 11.0;
				LD_RUNPATH_SEARCH_PATHS = (
					"$(inherited)",
					"@executable_path/Frameworks",
				);
				PRODUCT_BUNDLE_IDENTIFIER = "com.gjo-dev.ATAppFinder";
				PRODUCT_NAME = "$(TARGET_NAME)";
				SWIFT_VERSION = 4.0;
				TARGETED_DEVICE_FAMILY = 2;
			};
			name = Release;
		};
/* End XCBuildConfiguration section */

/* Begin XCConfigurationList section */
		1CA62D44203C72F1004A9DF0 /* Build configuration list for PBXProject "ATAppFinder" */ = {
			isa = XCConfigurationList;
			buildConfigurations = (
				1CA62D5B203C72F4004A9DF0 /* Debug */,
				1CA62D5C203C72F4004A9DF0 /* Release */,
			);
			defaultConfigurationIsVisible = 0;
			defaultConfigurationName = Release;
		};
		1CA62D5D203C72F4004A9DF0 /* Build configuration list for PBXNativeTarget "ATAppFinder" */ = {
			isa = XCConfigurationList;
			buildConfigurations = (
				1CA62D5E203C72F4004A9DF0 /* Debug */,
				1CA62D5F203C72F4004A9DF0 /* Release */,
			);
			defaultConfigurationIsVisible = 0;
			defaultConfigurationName = Release;
		};
/* End XCConfigurationList section */
	};
	rootObject = 1CA62D41203C72F1004A9DF0 /* Project object */;
}
